{
  "object": {
    "pins": [
      {
        "package": "ThemedColor",
        "repositoryURL": "https://github.com/Lona/ThemedColor.git",
        "state": {
          "branch": "master",
          "revision": "03a1141f803d9a61222949e31439045aceb2a45e",
          "version": null
        }
      }
    ]
  },
  "version": 1
}
